// !$*UTF8*$!
{
	archiveVersion = 1;
	classes = {
	};
	objectVersion = 46;
	objects = {

/* Begin PBXBuildFile section */
		074BD7991E27E3CE00FBAC50 /* StaffStructureRendererTests.swift in Sources */ = {isa = PBXBuildFile; fileRef = 074BD7981E27E3CE00FBAC50 /* StaffStructureRendererTests.swift */; };
		074BD79A1E27E3CE00FBAC50 /* StaffStructureRendererTests.swift in Sources */ = {isa = PBXBuildFile; fileRef = 074BD7981E27E3CE00FBAC50 /* StaffStructureRendererTests.swift */; };
		075303D41E2A607100457EAD /* StaffPointModel.swift in Sources */ = {isa = PBXBuildFile; fileRef = 075303D31E2A607100457EAD /* StaffPointModel.swift */; };
		075303D51E2A607100457EAD /* StaffPointModel.swift in Sources */ = {isa = PBXBuildFile; fileRef = 075303D31E2A607100457EAD /* StaffPointModel.swift */; };
		075303DD1E2A682000457EAD /* StaffPointModelTests.swift in Sources */ = {isa = PBXBuildFile; fileRef = 075303DC1E2A682000457EAD /* StaffPointModelTests.swift */; };
		075303DE1E2A682000457EAD /* StaffPointModelTests.swift in Sources */ = {isa = PBXBuildFile; fileRef = 075303DC1E2A682000457EAD /* StaffPointModelTests.swift */; };
		075303E01E2A760200457EAD /* StaffModelTests.swift in Sources */ = {isa = PBXBuildFile; fileRef = 075303DF1E2A760200457EAD /* StaffModelTests.swift */; };
		075303E11E2A760200457EAD /* StaffModelTests.swift in Sources */ = {isa = PBXBuildFile; fileRef = 075303DF1E2A760200457EAD /* StaffModelTests.swift */; };
		077513A31E27CBBB006139FB /* StaffClefView.swift in Sources */ = {isa = PBXBuildFile; fileRef = 077513A21E27CBBB006139FB /* StaffClefView.swift */; };
		077513A41E27CBBB006139FB /* StaffClefView.swift in Sources */ = {isa = PBXBuildFile; fileRef = 077513A21E27CBBB006139FB /* StaffClefView.swift */; };
		077513A61E27CC32006139FB /* StaffSlotScaling.swift in Sources */ = {isa = PBXBuildFile; fileRef = 077513A51E27CC32006139FB /* StaffSlotScaling.swift */; };
		077513A71E27CC32006139FB /* StaffSlotScaling.swift in Sources */ = {isa = PBXBuildFile; fileRef = 077513A51E27CC32006139FB /* StaffSlotScaling.swift */; };
		077513AC1E27CD2B006139FB /* AltoClef.swift in Sources */ = {isa = PBXBuildFile; fileRef = 077513A81E27CD2B006139FB /* AltoClef.swift */; };
		077513AD1E27CD2B006139FB /* AltoClef.swift in Sources */ = {isa = PBXBuildFile; fileRef = 077513A81E27CD2B006139FB /* AltoClef.swift */; };
		077513AE1E27CD2B006139FB /* BassClef.swift in Sources */ = {isa = PBXBuildFile; fileRef = 077513A91E27CD2B006139FB /* BassClef.swift */; };
		077513AF1E27CD2B006139FB /* BassClef.swift in Sources */ = {isa = PBXBuildFile; fileRef = 077513A91E27CD2B006139FB /* BassClef.swift */; };
		077513B01E27CD2B006139FB /* TenorClef.swift in Sources */ = {isa = PBXBuildFile; fileRef = 077513AA1E27CD2B006139FB /* TenorClef.swift */; };
		077513B11E27CD2B006139FB /* TenorClef.swift in Sources */ = {isa = PBXBuildFile; fileRef = 077513AA1E27CD2B006139FB /* TenorClef.swift */; };
		077513B21E27CD2B006139FB /* TrebleClef.swift in Sources */ = {isa = PBXBuildFile; fileRef = 077513AB1E27CD2B006139FB /* TrebleClef.swift */; };
		077513B31E27CD2B006139FB /* TrebleClef.swift in Sources */ = {isa = PBXBuildFile; fileRef = 077513AB1E27CD2B006139FB /* TrebleClef.swift */; };
		077513C21E27D038006139FB /* CircleClefComponent.swift in Sources */ = {isa = PBXBuildFile; fileRef = 077513BF1E27D038006139FB /* CircleClefComponent.swift */; };
		077513C31E27D038006139FB /* CircleClefComponent.swift in Sources */ = {isa = PBXBuildFile; fileRef = 077513BF1E27D038006139FB /* CircleClefComponent.swift */; };
		077513C41E27D038006139FB /* ClefComponent.swift in Sources */ = {isa = PBXBuildFile; fileRef = 077513C01E27D038006139FB /* ClefComponent.swift */; };
		077513C51E27D038006139FB /* ClefComponent.swift in Sources */ = {isa = PBXBuildFile; fileRef = 077513C01E27D038006139FB /* ClefComponent.swift */; };
		077513C61E27D038006139FB /* LineClefComponent.swift in Sources */ = {isa = PBXBuildFile; fileRef = 077513C11E27D038006139FB /* LineClefComponent.swift */; };
		077513C71E27D038006139FB /* LineClefComponent.swift in Sources */ = {isa = PBXBuildFile; fileRef = 077513C11E27D038006139FB /* LineClefComponent.swift */; };
		077513CB1E27D0C7006139FB /* CircleClefOrnament.swift in Sources */ = {isa = PBXBuildFile; fileRef = 077513C81E27D0C7006139FB /* CircleClefOrnament.swift */; };
		077513CC1E27D0C7006139FB /* CircleClefOrnament.swift in Sources */ = {isa = PBXBuildFile; fileRef = 077513C81E27D0C7006139FB /* CircleClefOrnament.swift */; };
		077513CD1E27D0C7006139FB /* DiamondClefOrnament.swift in Sources */ = {isa = PBXBuildFile; fileRef = 077513C91E27D0C7006139FB /* DiamondClefOrnament.swift */; };
		077513CE1E27D0C7006139FB /* DiamondClefOrnament.swift in Sources */ = {isa = PBXBuildFile; fileRef = 077513C91E27D0C7006139FB /* DiamondClefOrnament.swift */; };
		077513CF1E27D0C7006139FB /* DotClefOrnament.swift in Sources */ = {isa = PBXBuildFile; fileRef = 077513CA1E27D0C7006139FB /* DotClefOrnament.swift */; };
		077513D01E27D0C7006139FB /* DotClefOrnament.swift in Sources */ = {isa = PBXBuildFile; fileRef = 077513CA1E27D0C7006139FB /* DotClefOrnament.swift */; };
		077513D21E27D888006139FB /* StaffStructureConfiguration.swift in Sources */ = {isa = PBXBuildFile; fileRef = 077513D11E27D888006139FB /* StaffStructureConfiguration.swift */; };
		077513D31E27D888006139FB /* StaffStructureConfiguration.swift in Sources */ = {isa = PBXBuildFile; fileRef = 077513D11E27D888006139FB /* StaffStructureConfiguration.swift */; };
		0779EAD31E290B0400F5A348 /* Notehead.swift in Sources */ = {isa = PBXBuildFile; fileRef = 0779EAD01E290B0400F5A348 /* Notehead.swift */; };
		0779EAD41E290B0400F5A348 /* Notehead.swift in Sources */ = {isa = PBXBuildFile; fileRef = 0779EAD01E290B0400F5A348 /* Notehead.swift */; };
		0779EAD71E290B0400F5A348 /* NoteheadType.swift in Sources */ = {isa = PBXBuildFile; fileRef = 0779EAD21E290B0400F5A348 /* NoteheadType.swift */; };
		0779EAD81E290B0400F5A348 /* NoteheadType.swift in Sources */ = {isa = PBXBuildFile; fileRef = 0779EAD21E290B0400F5A348 /* NoteheadType.swift */; };
		0779EAEC1E290BCD00F5A348 /* Accidental.swift in Sources */ = {isa = PBXBuildFile; fileRef = 0779EADA1E290BCD00F5A348 /* Accidental.swift */; };
		0779EAED1E290BCD00F5A348 /* Accidental.swift in Sources */ = {isa = PBXBuildFile; fileRef = 0779EADA1E290BCD00F5A348 /* Accidental.swift */; };
		0779EAEE1E290BCD00F5A348 /* AccidentalComponent.swift in Sources */ = {isa = PBXBuildFile; fileRef = 0779EADB1E290BCD00F5A348 /* AccidentalComponent.swift */; };
		0779EAEF1E290BCD00F5A348 /* AccidentalComponent.swift in Sources */ = {isa = PBXBuildFile; fileRef = 0779EADB1E290BCD00F5A348 /* AccidentalComponent.swift */; };
		0779EAF21E290BCD00F5A348 /* AccidentalFactory.swift in Sources */ = {isa = PBXBuildFile; fileRef = 0779EADD1E290BCD00F5A348 /* AccidentalFactory.swift */; };
		0779EAF31E290BCD00F5A348 /* AccidentalFactory.swift in Sources */ = {isa = PBXBuildFile; fileRef = 0779EADD1E290BCD00F5A348 /* AccidentalFactory.swift */; };
		0779EAF41E290BCD00F5A348 /* AccidentalKind.swift in Sources */ = {isa = PBXBuildFile; fileRef = 0779EADE1E290BCD00F5A348 /* AccidentalKind.swift */; };
		0779EAF51E290BCD00F5A348 /* AccidentalKind.swift in Sources */ = {isa = PBXBuildFile; fileRef = 0779EADE1E290BCD00F5A348 /* AccidentalKind.swift */; };
		0779EAF61E290BCD00F5A348 /* Natural.swift in Sources */ = {isa = PBXBuildFile; fileRef = 0779EADF1E290BCD00F5A348 /* Natural.swift */; };
		0779EAF71E290BCD00F5A348 /* Natural.swift in Sources */ = {isa = PBXBuildFile; fileRef = 0779EADF1E290BCD00F5A348 /* Natural.swift */; };
		0779EAF81E290BCD00F5A348 /* NaturalDown.swift in Sources */ = {isa = PBXBuildFile; fileRef = 0779EAE01E290BCD00F5A348 /* NaturalDown.swift */; };
		0779EAF91E290BCD00F5A348 /* NaturalDown.swift in Sources */ = {isa = PBXBuildFile; fileRef = 0779EAE01E290BCD00F5A348 /* NaturalDown.swift */; };
		0779EAFA1E290BCD00F5A348 /* NaturalUp.swift in Sources */ = {isa = PBXBuildFile; fileRef = 0779EAE11E290BCD00F5A348 /* NaturalUp.swift */; };
		0779EAFB1E290BCD00F5A348 /* NaturalUp.swift in Sources */ = {isa = PBXBuildFile; fileRef = 0779EAE11E290BCD00F5A348 /* NaturalUp.swift */; };
		0779EAFC1E290BCD00F5A348 /* QuarterFlat.swift in Sources */ = {isa = PBXBuildFile; fileRef = 0779EAE21E290BCD00F5A348 /* QuarterFlat.swift */; };
		0779EAFD1E290BCD00F5A348 /* QuarterFlat.swift in Sources */ = {isa = PBXBuildFile; fileRef = 0779EAE21E290BCD00F5A348 /* QuarterFlat.swift */; };
		0779EAFE1E290BCD00F5A348 /* QuarterFlatDown.swift in Sources */ = {isa = PBXBuildFile; fileRef = 0779EAE31E290BCD00F5A348 /* QuarterFlatDown.swift */; };
		0779EAFF1E290BCD00F5A348 /* QuarterFlatDown.swift in Sources */ = {isa = PBXBuildFile; fileRef = 0779EAE31E290BCD00F5A348 /* QuarterFlatDown.swift */; };
		0779EB001E290BCD00F5A348 /* QuarterFlatUp.swift in Sources */ = {isa = PBXBuildFile; fileRef = 0779EAE41E290BCD00F5A348 /* QuarterFlatUp.swift */; };
		0779EB011E290BCD00F5A348 /* QuarterFlatUp.swift in Sources */ = {isa = PBXBuildFile; fileRef = 0779EAE41E290BCD00F5A348 /* QuarterFlatUp.swift */; };
		0779EB021E290BCD00F5A348 /* QuarterSharp.swift in Sources */ = {isa = PBXBuildFile; fileRef = 0779EAE51E290BCD00F5A348 /* QuarterSharp.swift */; };
		0779EB031E290BCD00F5A348 /* QuarterSharp.swift in Sources */ = {isa = PBXBuildFile; fileRef = 0779EAE51E290BCD00F5A348 /* QuarterSharp.swift */; };
		0779EB041E290BCD00F5A348 /* QuarterSharpDown.swift in Sources */ = {isa = PBXBuildFile; fileRef = 0779EAE61E290BCD00F5A348 /* QuarterSharpDown.swift */; };
		0779EB051E290BCD00F5A348 /* QuarterSharpDown.swift in Sources */ = {isa = PBXBuildFile; fileRef = 0779EAE61E290BCD00F5A348 /* QuarterSharpDown.swift */; };
		0779EB061E290BCD00F5A348 /* QuarterSharpUp.swift in Sources */ = {isa = PBXBuildFile; fileRef = 0779EAE71E290BCD00F5A348 /* QuarterSharpUp.swift */; };
		0779EB071E290BCD00F5A348 /* QuarterSharpUp.swift in Sources */ = {isa = PBXBuildFile; fileRef = 0779EAE71E290BCD00F5A348 /* QuarterSharpUp.swift */; };
		0779EB081E290BCD00F5A348 /* Sharp.swift in Sources */ = {isa = PBXBuildFile; fileRef = 0779EAE81E290BCD00F5A348 /* Sharp.swift */; };
		0779EB091E290BCD00F5A348 /* Sharp.swift in Sources */ = {isa = PBXBuildFile; fileRef = 0779EAE81E290BCD00F5A348 /* Sharp.swift */; };
		0779EB0A1E290BCD00F5A348 /* SharpDown.swift in Sources */ = {isa = PBXBuildFile; fileRef = 0779EAE91E290BCD00F5A348 /* SharpDown.swift */; };
		0779EB0B1E290BCD00F5A348 /* SharpDown.swift in Sources */ = {isa = PBXBuildFile; fileRef = 0779EAE91E290BCD00F5A348 /* SharpDown.swift */; };
		0779EB0C1E290BCD00F5A348 /* SharpType.swift in Sources */ = {isa = PBXBuildFile; fileRef = 0779EAEA1E290BCD00F5A348 /* SharpType.swift */; };
		0779EB0D1E290BCD00F5A348 /* SharpType.swift in Sources */ = {isa = PBXBuildFile; fileRef = 0779EAEA1E290BCD00F5A348 /* SharpType.swift */; };
		0779EB0E1E290BCD00F5A348 /* SharpUp.swift in Sources */ = {isa = PBXBuildFile; fileRef = 0779EAEB1E290BCD00F5A348 /* SharpUp.swift */; };
		0779EB0F1E290BCD00F5A348 /* SharpUp.swift in Sources */ = {isa = PBXBuildFile; fileRef = 0779EAEB1E290BCD00F5A348 /* SharpUp.swift */; };
		0779EB131E290C3C00F5A348 /* Flat.swift in Sources */ = {isa = PBXBuildFile; fileRef = 0779EB101E290C3C00F5A348 /* Flat.swift */; };
		0779EB141E290C3C00F5A348 /* Flat.swift in Sources */ = {isa = PBXBuildFile; fileRef = 0779EB101E290C3C00F5A348 /* Flat.swift */; };
		0779EB151E290C3C00F5A348 /* FlatDown.swift in Sources */ = {isa = PBXBuildFile; fileRef = 0779EB111E290C3C00F5A348 /* FlatDown.swift */; };
		0779EB161E290C3C00F5A348 /* FlatDown.swift in Sources */ = {isa = PBXBuildFile; fileRef = 0779EB111E290C3C00F5A348 /* FlatDown.swift */; };
		0779EB171E290C3C00F5A348 /* FlatUp.swift in Sources */ = {isa = PBXBuildFile; fileRef = 0779EB121E290C3C00F5A348 /* FlatUp.swift */; };
		0779EB181E290C3C00F5A348 /* FlatUp.swift in Sources */ = {isa = PBXBuildFile; fileRef = 0779EB121E290C3C00F5A348 /* FlatUp.swift */; };
		0779EB1D1E29280E00F5A348 /* StaffRepresentablePitchCollection.swift in Sources */ = {isa = PBXBuildFile; fileRef = 0779EB191E29280E00F5A348 /* StaffRepresentablePitchCollection.swift */; };
		0779EB1E1E29280E00F5A348 /* StaffRepresentablePitchCollection.swift in Sources */ = {isa = PBXBuildFile; fileRef = 0779EB191E29280E00F5A348 /* StaffRepresentablePitchCollection.swift */; };
		0779EB1F1E29280E00F5A348 /* StaffRepresentablePitch.swift in Sources */ = {isa = PBXBuildFile; fileRef = 0779EB1A1E29280E00F5A348 /* StaffRepresentablePitch.swift */; };
		0779EB201E29280E00F5A348 /* StaffRepresentablePitch.swift in Sources */ = {isa = PBXBuildFile; fileRef = 0779EB1A1E29280E00F5A348 /* StaffRepresentablePitch.swift */; };
		0779EB211E29280E00F5A348 /* StaffRepresentedPitchCollection.swift in Sources */ = {isa = PBXBuildFile; fileRef = 0779EB1B1E29280E00F5A348 /* StaffRepresentedPitchCollection.swift */; };
		0779EB221E29280E00F5A348 /* StaffRepresentedPitchCollection.swift in Sources */ = {isa = PBXBuildFile; fileRef = 0779EB1B1E29280E00F5A348 /* StaffRepresentedPitchCollection.swift */; };
		0779EB231E29280E00F5A348 /* StaffRepresentedPitch.swift in Sources */ = {isa = PBXBuildFile; fileRef = 0779EB1C1E29280E00F5A348 /* StaffRepresentedPitch.swift */; };
		0779EB241E29280E00F5A348 /* StaffRepresentedPitch.swift in Sources */ = {isa = PBXBuildFile; fileRef = 0779EB1C1E29280E00F5A348 /* StaffRepresentedPitch.swift */; };
		0779EB261E292C2C00F5A348 /* StaffInformationConfiguration.swift in Sources */ = {isa = PBXBuildFile; fileRef = 0779EB251E292C2C00F5A348 /* StaffInformationConfiguration.swift */; };
		0779EB271E292C2C00F5A348 /* StaffInformationConfiguration.swift in Sources */ = {isa = PBXBuildFile; fileRef = 0779EB251E292C2C00F5A348 /* StaffInformationConfiguration.swift */; };
		0779EB291E29355D00F5A348 /* StaffPitchSetRenderer.swift in Sources */ = {isa = PBXBuildFile; fileRef = 0779EB281E29355D00F5A348 /* StaffPitchSetRenderer.swift */; };
		0779EB2A1E29355D00F5A348 /* StaffPitchSetRenderer.swift in Sources */ = {isa = PBXBuildFile; fileRef = 0779EB281E29355D00F5A348 /* StaffPitchSetRenderer.swift */; };
		0779EB2C1E29362800F5A348 /* LedgerLineRenderDelegate.swift in Sources */ = {isa = PBXBuildFile; fileRef = 0779EB2B1E29362800F5A348 /* LedgerLineRenderDelegate.swift */; };
		0779EB2D1E29362800F5A348 /* LedgerLineRenderDelegate.swift in Sources */ = {isa = PBXBuildFile; fileRef = 0779EB2B1E29362800F5A348 /* LedgerLineRenderDelegate.swift */; };
		0794B44D1E26F6D5004F9A09 /* Staff.framework in Frameworks */ = {isa = PBXBuildFile; fileRef = B4431A21C76A28976643A6E0 /* Staff.framework */; };
		0794B44E1E26F6F2004F9A09 /* Staff.framework in Frameworks */ = {isa = PBXBuildFile; fileRef = 9ED3CC23DA6A26BAAF999C4C /* Staff.framework */; };
		07FC087D1E26E8A30022597B /* StaffClef.swift in Sources */ = {isa = PBXBuildFile; fileRef = 07FC08771E26E8A30022597B /* StaffClef.swift */; };
		07FC087E1E26E8A30022597B /* StaffClef.swift in Sources */ = {isa = PBXBuildFile; fileRef = 07FC08771E26E8A30022597B /* StaffClef.swift */; };
		07FC087F1E26E8A30022597B /* StaffInformationRenderer.swift in Sources */ = {isa = PBXBuildFile; fileRef = 07FC08781E26E8A30022597B /* StaffInformationRenderer.swift */; };
		07FC08801E26E8A30022597B /* StaffInformationRenderer.swift in Sources */ = {isa = PBXBuildFile; fileRef = 07FC08781E26E8A30022597B /* StaffInformationRenderer.swift */; };
		07FC08811E26E8A30022597B /* StaffModel.swift in Sources */ = {isa = PBXBuildFile; fileRef = 07FC08791E26E8A30022597B /* StaffModel.swift */; };
		07FC08821E26E8A30022597B /* StaffModel.swift in Sources */ = {isa = PBXBuildFile; fileRef = 07FC08791E26E8A30022597B /* StaffModel.swift */; };
		07FC08831E26E8A30022597B /* StaffSlot.swift in Sources */ = {isa = PBXBuildFile; fileRef = 07FC087A1E26E8A30022597B /* StaffSlot.swift */; };
		07FC08841E26E8A30022597B /* StaffSlot.swift in Sources */ = {isa = PBXBuildFile; fileRef = 07FC087A1E26E8A30022597B /* StaffSlot.swift */; };
		07FC08851E26E8A30022597B /* StaffStructureRenderer.swift in Sources */ = {isa = PBXBuildFile; fileRef = 07FC087B1E26E8A30022597B /* StaffStructureRenderer.swift */; };
		07FC08861E26E8A30022597B /* StaffStructureRenderer.swift in Sources */ = {isa = PBXBuildFile; fileRef = 07FC087B1E26E8A30022597B /* StaffStructureRenderer.swift */; };
		07FC08871E26E8A30022597B /* StaffView.swift in Sources */ = {isa = PBXBuildFile; fileRef = 07FC087C1E26E8A30022597B /* StaffView.swift */; };
		07FC08881E26E8A30022597B /* StaffView.swift in Sources */ = {isa = PBXBuildFile; fileRef = 07FC087C1E26E8A30022597B /* StaffView.swift */; };
		07FC088A1E26E9E10022597B /* StaffViewTests.swift in Sources */ = {isa = PBXBuildFile; fileRef = 07FC08891E26E9E10022597B /* StaffViewTests.swift */; };
		07FC088B1E26E9E10022597B /* StaffViewTests.swift in Sources */ = {isa = PBXBuildFile; fileRef = 07FC08891E26E9E10022597B /* StaffViewTests.swift */; };
		07FC088D1E26F10B0022597B /* StaffClefTests.swift in Sources */ = {isa = PBXBuildFile; fileRef = 07FC088C1E26F10B0022597B /* StaffClefTests.swift */; };
		07FC088E1E26F10B0022597B /* StaffClefTests.swift in Sources */ = {isa = PBXBuildFile; fileRef = 07FC088C1E26F10B0022597B /* StaffClefTests.swift */; };
		243BCF5C846DCFB20D5D5D71 /* Foundation.framework in Frameworks */ = {isa = PBXBuildFile; fileRef = 4ED16700C9604165B35855D4 /* Foundation.framework */; };
		61C1A519E89250F66F7FEEFC /* Staff.h in Headers */ = {isa = PBXBuildFile; fileRef = AD259B45DD216708EDF440D7 /* Staff.h */; settings = {ATTRIBUTES = (Public, ); }; };
		6E7D33FE4A01006439BAD250 /* Cocoa.framework in Frameworks */ = {isa = PBXBuildFile; fileRef = 12E8047C92F2C9AAB56A372E /* Cocoa.framework */; };
		91D6042F3AB8AAEB3B377329 /* Cocoa.framework in Frameworks */ = {isa = PBXBuildFile; fileRef = 12E8047C92F2C9AAB56A372E /* Cocoa.framework */; };
		97C7AFACC9BD25E8B2D52C8F /* Foundation.framework in Frameworks */ = {isa = PBXBuildFile; fileRef = 4ED16700C9604165B35855D4 /* Foundation.framework */; };
		A31C1333566D6DB357D6CE98 /* Staff.h in Headers */ = {isa = PBXBuildFile; fileRef = AD259B45DD216708EDF440D7 /* Staff.h */; settings = {ATTRIBUTES = (Public, ); }; };
/* End PBXBuildFile section */

/* Begin PBXContainerItemProxy section */
		6D40DA50F72FFE32D48FED32 /* PBXContainerItemProxy */ = {
			isa = PBXContainerItemProxy;
			containerPortal = 62256F1D2C3698B5057861F9 /* Project object */;
			proxyType = 1;
			remoteGlobalIDString = 4F8D1CAFD5303F1B190AAC71;
			remoteInfo = "Staff iOS";
		};
		FAB10EAE6743EA872DAD0A8A /* PBXContainerItemProxy */ = {
			isa = PBXContainerItemProxy;
			containerPortal = 62256F1D2C3698B5057861F9 /* Project object */;
			proxyType = 1;
			remoteGlobalIDString = F1E69B0392FB2AB5961C7A75;
			remoteInfo = "Staff macOS";
		};
/* End PBXContainerItemProxy section */

/* Begin PBXFileReference section */
		074BD7981E27E3CE00FBAC50 /* StaffStructureRendererTests.swift */ = {isa = PBXFileReference; fileEncoding = 4; lastKnownFileType = sourcecode.swift; name = StaffStructureRendererTests.swift; path = StaffTests/StaffStructureRendererTests.swift; sourceTree = "<group>"; };
		075303D31E2A607100457EAD /* StaffPointModel.swift */ = {isa = PBXFileReference; fileEncoding = 4; lastKnownFileType = sourcecode.swift; name = StaffPointModel.swift; path = Staff/StaffPointModel.swift; sourceTree = "<group>"; };
		075303DC1E2A682000457EAD /* StaffPointModelTests.swift */ = {isa = PBXFileReference; fileEncoding = 4; lastKnownFileType = sourcecode.swift; name = StaffPointModelTests.swift; path = Staff/StaffPointModelTests.swift; sourceTree = "<group>"; };
		075303DF1E2A760200457EAD /* StaffModelTests.swift */ = {isa = PBXFileReference; fileEncoding = 4; lastKnownFileType = sourcecode.swift; name = StaffModelTests.swift; path = Staff/StaffModelTests.swift; sourceTree = "<group>"; };
		077513A21E27CBBB006139FB /* StaffClefView.swift */ = {isa = PBXFileReference; fileEncoding = 4; lastKnownFileType = sourcecode.swift; name = StaffClefView.swift; path = Staff/StaffClefView.swift; sourceTree = "<group>"; };
		077513A51E27CC32006139FB /* StaffSlotScaling.swift */ = {isa = PBXFileReference; fileEncoding = 4; lastKnownFileType = sourcecode.swift; name = StaffSlotScaling.swift; path = Staff/StaffSlotScaling.swift; sourceTree = "<group>"; };
		077513A81E27CD2B006139FB /* AltoClef.swift */ = {isa = PBXFileReference; fileEncoding = 4; lastKnownFileType = sourcecode.swift; name = AltoClef.swift; path = Staff/AltoClef.swift; sourceTree = "<group>"; };
		077513A91E27CD2B006139FB /* BassClef.swift */ = {isa = PBXFileReference; fileEncoding = 4; lastKnownFileType = sourcecode.swift; name = BassClef.swift; path = Staff/BassClef.swift; sourceTree = "<group>"; };
		077513AA1E27CD2B006139FB /* TenorClef.swift */ = {isa = PBXFileReference; fileEncoding = 4; lastKnownFileType = sourcecode.swift; name = TenorClef.swift; path = Staff/TenorClef.swift; sourceTree = "<group>"; };
		077513AB1E27CD2B006139FB /* TrebleClef.swift */ = {isa = PBXFileReference; fileEncoding = 4; lastKnownFileType = sourcecode.swift; name = TrebleClef.swift; path = Staff/TrebleClef.swift; sourceTree = "<group>"; };
		077513BF1E27D038006139FB /* CircleClefComponent.swift */ = {isa = PBXFileReference; fileEncoding = 4; lastKnownFileType = sourcecode.swift; name = CircleClefComponent.swift; path = Staff/CircleClefComponent.swift; sourceTree = "<group>"; };
		077513C01E27D038006139FB /* ClefComponent.swift */ = {isa = PBXFileReference; fileEncoding = 4; lastKnownFileType = sourcecode.swift; name = ClefComponent.swift; path = Staff/ClefComponent.swift; sourceTree = "<group>"; };
		077513C11E27D038006139FB /* LineClefComponent.swift */ = {isa = PBXFileReference; fileEncoding = 4; lastKnownFileType = sourcecode.swift; name = LineClefComponent.swift; path = Staff/LineClefComponent.swift; sourceTree = "<group>"; };
		077513C81E27D0C7006139FB /* CircleClefOrnament.swift */ = {isa = PBXFileReference; fileEncoding = 4; lastKnownFileType = sourcecode.swift; name = CircleClefOrnament.swift; path = Staff/CircleClefOrnament.swift; sourceTree = "<group>"; };
		077513C91E27D0C7006139FB /* DiamondClefOrnament.swift */ = {isa = PBXFileReference; fileEncoding = 4; lastKnownFileType = sourcecode.swift; name = DiamondClefOrnament.swift; path = Staff/DiamondClefOrnament.swift; sourceTree = "<group>"; };
		077513CA1E27D0C7006139FB /* DotClefOrnament.swift */ = {isa = PBXFileReference; fileEncoding = 4; lastKnownFileType = sourcecode.swift; name = DotClefOrnament.swift; path = Staff/DotClefOrnament.swift; sourceTree = "<group>"; };
		077513D11E27D888006139FB /* StaffStructureConfiguration.swift */ = {isa = PBXFileReference; fileEncoding = 4; lastKnownFileType = sourcecode.swift; name = StaffStructureConfiguration.swift; path = Staff/StaffStructureConfiguration.swift; sourceTree = "<group>"; };
		0779EAD01E290B0400F5A348 /* Notehead.swift */ = {isa = PBXFileReference; fileEncoding = 4; lastKnownFileType = sourcecode.swift; name = Notehead.swift; path = Staff/Notehead.swift; sourceTree = "<group>"; };
		0779EAD21E290B0400F5A348 /* NoteheadType.swift */ = {isa = PBXFileReference; fileEncoding = 4; lastKnownFileType = sourcecode.swift; name = NoteheadType.swift; path = Staff/NoteheadType.swift; sourceTree = "<group>"; };
		0779EADA1E290BCD00F5A348 /* Accidental.swift */ = {isa = PBXFileReference; fileEncoding = 4; lastKnownFileType = sourcecode.swift; name = Accidental.swift; path = Staff/Accidental.swift; sourceTree = "<group>"; };
		0779EADB1E290BCD00F5A348 /* AccidentalComponent.swift */ = {isa = PBXFileReference; fileEncoding = 4; lastKnownFileType = sourcecode.swift; name = AccidentalComponent.swift; path = Staff/AccidentalComponent.swift; sourceTree = "<group>"; };
		0779EADD1E290BCD00F5A348 /* AccidentalFactory.swift */ = {isa = PBXFileReference; fileEncoding = 4; lastKnownFileType = sourcecode.swift; name = AccidentalFactory.swift; path = Staff/AccidentalFactory.swift; sourceTree = "<group>"; };
		0779EADE1E290BCD00F5A348 /* AccidentalKind.swift */ = {isa = PBXFileReference; fileEncoding = 4; lastKnownFileType = sourcecode.swift; name = AccidentalKind.swift; path = Staff/AccidentalKind.swift; sourceTree = "<group>"; };
		0779EADF1E290BCD00F5A348 /* Natural.swift */ = {isa = PBXFileReference; fileEncoding = 4; lastKnownFileType = sourcecode.swift; name = Natural.swift; path = Staff/Natural.swift; sourceTree = "<group>"; };
		0779EAE01E290BCD00F5A348 /* NaturalDown.swift */ = {isa = PBXFileReference; fileEncoding = 4; lastKnownFileType = sourcecode.swift; name = NaturalDown.swift; path = Staff/NaturalDown.swift; sourceTree = "<group>"; };
		0779EAE11E290BCD00F5A348 /* NaturalUp.swift */ = {isa = PBXFileReference; fileEncoding = 4; lastKnownFileType = sourcecode.swift; name = NaturalUp.swift; path = Staff/NaturalUp.swift; sourceTree = "<group>"; };
		0779EAE21E290BCD00F5A348 /* QuarterFlat.swift */ = {isa = PBXFileReference; fileEncoding = 4; lastKnownFileType = sourcecode.swift; name = QuarterFlat.swift; path = Staff/QuarterFlat.swift; sourceTree = "<group>"; };
		0779EAE31E290BCD00F5A348 /* QuarterFlatDown.swift */ = {isa = PBXFileReference; fileEncoding = 4; lastKnownFileType = sourcecode.swift; name = QuarterFlatDown.swift; path = Staff/QuarterFlatDown.swift; sourceTree = "<group>"; };
		0779EAE41E290BCD00F5A348 /* QuarterFlatUp.swift */ = {isa = PBXFileReference; fileEncoding = 4; lastKnownFileType = sourcecode.swift; name = QuarterFlatUp.swift; path = Staff/QuarterFlatUp.swift; sourceTree = "<group>"; };
		0779EAE51E290BCD00F5A348 /* QuarterSharp.swift */ = {isa = PBXFileReference; fileEncoding = 4; lastKnownFileType = sourcecode.swift; name = QuarterSharp.swift; path = Staff/QuarterSharp.swift; sourceTree = "<group>"; };
		0779EAE61E290BCD00F5A348 /* QuarterSharpDown.swift */ = {isa = PBXFileReference; fileEncoding = 4; lastKnownFileType = sourcecode.swift; name = QuarterSharpDown.swift; path = Staff/QuarterSharpDown.swift; sourceTree = "<group>"; };
		0779EAE71E290BCD00F5A348 /* QuarterSharpUp.swift */ = {isa = PBXFileReference; fileEncoding = 4; lastKnownFileType = sourcecode.swift; name = QuarterSharpUp.swift; path = Staff/QuarterSharpUp.swift; sourceTree = "<group>"; };
		0779EAE81E290BCD00F5A348 /* Sharp.swift */ = {isa = PBXFileReference; fileEncoding = 4; lastKnownFileType = sourcecode.swift; name = Sharp.swift; path = Staff/Sharp.swift; sourceTree = "<group>"; };
		0779EAE91E290BCD00F5A348 /* SharpDown.swift */ = {isa = PBXFileReference; fileEncoding = 4; lastKnownFileType = sourcecode.swift; name = SharpDown.swift; path = Staff/SharpDown.swift; sourceTree = "<group>"; };
		0779EAEA1E290BCD00F5A348 /* SharpType.swift */ = {isa = PBXFileReference; fileEncoding = 4; lastKnownFileType = sourcecode.swift; name = SharpType.swift; path = Staff/SharpType.swift; sourceTree = "<group>"; };
		0779EAEB1E290BCD00F5A348 /* SharpUp.swift */ = {isa = PBXFileReference; fileEncoding = 4; lastKnownFileType = sourcecode.swift; name = SharpUp.swift; path = Staff/SharpUp.swift; sourceTree = "<group>"; };
		0779EB101E290C3C00F5A348 /* Flat.swift */ = {isa = PBXFileReference; fileEncoding = 4; lastKnownFileType = sourcecode.swift; name = Flat.swift; path = Staff/Flat.swift; sourceTree = "<group>"; };
		0779EB111E290C3C00F5A348 /* FlatDown.swift */ = {isa = PBXFileReference; fileEncoding = 4; lastKnownFileType = sourcecode.swift; name = FlatDown.swift; path = Staff/FlatDown.swift; sourceTree = "<group>"; };
		0779EB121E290C3C00F5A348 /* FlatUp.swift */ = {isa = PBXFileReference; fileEncoding = 4; lastKnownFileType = sourcecode.swift; name = FlatUp.swift; path = Staff/FlatUp.swift; sourceTree = "<group>"; };
		0779EB191E29280E00F5A348 /* StaffRepresentablePitchCollection.swift */ = {isa = PBXFileReference; fileEncoding = 4; lastKnownFileType = sourcecode.swift; name = StaffRepresentablePitchCollection.swift; path = Staff/StaffRepresentablePitchCollection.swift; sourceTree = "<group>"; };
		0779EB1A1E29280E00F5A348 /* StaffRepresentablePitch.swift */ = {isa = PBXFileReference; fileEncoding = 4; lastKnownFileType = sourcecode.swift; name = StaffRepresentablePitch.swift; path = Staff/StaffRepresentablePitch.swift; sourceTree = "<group>"; };
		0779EB1B1E29280E00F5A348 /* StaffRepresentedPitchCollection.swift */ = {isa = PBXFileReference; fileEncoding = 4; lastKnownFileType = sourcecode.swift; name = StaffRepresentedPitchCollection.swift; path = Staff/StaffRepresentedPitchCollection.swift; sourceTree = "<group>"; };
		0779EB1C1E29280E00F5A348 /* StaffRepresentedPitch.swift */ = {isa = PBXFileReference; fileEncoding = 4; lastKnownFileType = sourcecode.swift; name = StaffRepresentedPitch.swift; path = Staff/StaffRepresentedPitch.swift; sourceTree = "<group>"; };
		0779EB251E292C2C00F5A348 /* StaffInformationConfiguration.swift */ = {isa = PBXFileReference; fileEncoding = 4; lastKnownFileType = sourcecode.swift; name = StaffInformationConfiguration.swift; path = Staff/StaffInformationConfiguration.swift; sourceTree = "<group>"; };
		0779EB281E29355D00F5A348 /* StaffPitchSetRenderer.swift */ = {isa = PBXFileReference; fileEncoding = 4; lastKnownFileType = sourcecode.swift; name = StaffPitchSetRenderer.swift; path = Staff/StaffPitchSetRenderer.swift; sourceTree = "<group>"; };
		0779EB2B1E29362800F5A348 /* LedgerLineRenderDelegate.swift */ = {isa = PBXFileReference; fileEncoding = 4; lastKnownFileType = sourcecode.swift; name = LedgerLineRenderDelegate.swift; path = Staff/LedgerLineRenderDelegate.swift; sourceTree = "<group>"; };
		07FC08771E26E8A30022597B /* StaffClef.swift */ = {isa = PBXFileReference; fileEncoding = 4; lastKnownFileType = sourcecode.swift; name = StaffClef.swift; path = Staff/StaffClef.swift; sourceTree = "<group>"; };
		07FC08781E26E8A30022597B /* StaffInformationRenderer.swift */ = {isa = PBXFileReference; fileEncoding = 4; lastKnownFileType = sourcecode.swift; name = StaffInformationRenderer.swift; path = Staff/StaffInformationRenderer.swift; sourceTree = "<group>"; };
		07FC08791E26E8A30022597B /* StaffModel.swift */ = {isa = PBXFileReference; fileEncoding = 4; lastKnownFileType = sourcecode.swift; name = StaffModel.swift; path = Staff/StaffModel.swift; sourceTree = "<group>"; };
		07FC087A1E26E8A30022597B /* StaffSlot.swift */ = {isa = PBXFileReference; fileEncoding = 4; lastKnownFileType = sourcecode.swift; name = StaffSlot.swift; path = Staff/StaffSlot.swift; sourceTree = "<group>"; };
		07FC087B1E26E8A30022597B /* StaffStructureRenderer.swift */ = {isa = PBXFileReference; fileEncoding = 4; lastKnownFileType = sourcecode.swift; name = StaffStructureRenderer.swift; path = Staff/StaffStructureRenderer.swift; sourceTree = "<group>"; };
		07FC087C1E26E8A30022597B /* StaffView.swift */ = {isa = PBXFileReference; fileEncoding = 4; lastKnownFileType = sourcecode.swift; name = StaffView.swift; path = Staff/StaffView.swift; sourceTree = "<group>"; };
		07FC08891E26E9E10022597B /* StaffViewTests.swift */ = {isa = PBXFileReference; fileEncoding = 4; lastKnownFileType = sourcecode.swift; name = StaffViewTests.swift; path = StaffTests/StaffViewTests.swift; sourceTree = "<group>"; };
		07FC088C1E26F10B0022597B /* StaffClefTests.swift */ = {isa = PBXFileReference; fileEncoding = 4; lastKnownFileType = sourcecode.swift; name = StaffClefTests.swift; path = StaffTests/StaffClefTests.swift; sourceTree = "<group>"; };
		12E8047C92F2C9AAB56A372E /* Cocoa.framework */ = {isa = PBXFileReference; lastKnownFileType = wrapper.framework; name = Cocoa.framework; path = Platforms/MacOSX.platform/Developer/SDKs/MacOSX10.12.sdk/System/Library/Frameworks/Cocoa.framework; sourceTree = DEVELOPER_DIR; };
		12FC34A9FB80885B53D1216C /* Info.plist */ = {isa = PBXFileReference; includeInIndex = 1; lastKnownFileType = text.plist.xml; name = Info.plist; path = Staff/Info.plist; sourceTree = "<group>"; };
		18540E5AF02A00E5AB9A523F /* Staff macOS Tests.xctest */ = {isa = PBXFileReference; explicitFileType = wrapper.cfbundle; includeInIndex = 0; path = "Staff macOS Tests.xctest"; sourceTree = BUILT_PRODUCTS_DIR; };
		4ED16700C9604165B35855D4 /* Foundation.framework */ = {isa = PBXFileReference; lastKnownFileType = wrapper.framework; name = Foundation.framework; path = Platforms/iPhoneOS.platform/Developer/SDKs/iPhoneOS10.0.sdk/System/Library/Frameworks/Foundation.framework; sourceTree = DEVELOPER_DIR; };
		58FC3E353BD1DEADED46A310 /* Staff iOS Tests.xctest */ = {isa = PBXFileReference; explicitFileType = wrapper.cfbundle; includeInIndex = 0; path = "Staff iOS Tests.xctest"; sourceTree = BUILT_PRODUCTS_DIR; };
		9ED3CC23DA6A26BAAF999C4C /* Staff.framework */ = {isa = PBXFileReference; explicitFileType = wrapper.framework; includeInIndex = 0; path = Staff.framework; sourceTree = BUILT_PRODUCTS_DIR; };
		9EEBCA8BD12A403D5B76C93A /* Info.plist */ = {isa = PBXFileReference; includeInIndex = 1; lastKnownFileType = text.plist.xml; name = Info.plist; path = StaffTests/Info.plist; sourceTree = "<group>"; };
		AD259B45DD216708EDF440D7 /* Staff.h */ = {isa = PBXFileReference; includeInIndex = 1; lastKnownFileType = sourcecode.c.h; name = Staff.h; path = Staff/Staff.h; sourceTree = "<group>"; };
		B4431A21C76A28976643A6E0 /* Staff.framework */ = {isa = PBXFileReference; explicitFileType = wrapper.framework; includeInIndex = 0; path = Staff.framework; sourceTree = BUILT_PRODUCTS_DIR; };
/* End PBXFileReference section */

/* Begin PBXFrameworksBuildPhase section */
		146DC6FC531A4389BC6BAC4C /* Frameworks */ = {
			isa = PBXFrameworksBuildPhase;
			buildActionMask = 2147483647;
			files = (
				97C7AFACC9BD25E8B2D52C8F /* Foundation.framework in Frameworks */,
			);
			runOnlyForDeploymentPostprocessing = 0;
		};
		48C1BC53D8490D4E3FF23A69 /* Frameworks */ = {
			isa = PBXFrameworksBuildPhase;
			buildActionMask = 2147483647;
			files = (
				243BCF5C846DCFB20D5D5D71 /* Foundation.framework in Frameworks */,
				0794B44D1E26F6D5004F9A09 /* Staff.framework in Frameworks */,
			);
			runOnlyForDeploymentPostprocessing = 0;
		};
		737E46FEA80FD502B1D5E0BE /* Frameworks */ = {
			isa = PBXFrameworksBuildPhase;
			buildActionMask = 2147483647;
			files = (
				91D6042F3AB8AAEB3B377329 /* Cocoa.framework in Frameworks */,
				0794B44E1E26F6F2004F9A09 /* Staff.framework in Frameworks */,
			);
			runOnlyForDeploymentPostprocessing = 0;
		};
		FDD9293EC16F00B2DD5BF7E6 /* Frameworks */ = {
			isa = PBXFrameworksBuildPhase;
			buildActionMask = 2147483647;
			files = (
				6E7D33FE4A01006439BAD250 /* Cocoa.framework in Frameworks */,
			);
			runOnlyForDeploymentPostprocessing = 0;
		};
/* End PBXFrameworksBuildPhase section */

/* Begin PBXGroup section */
		077513A11E27CBA4006139FB /* Clef */ = {
			isa = PBXGroup;
			children = (
				077513B51E27CFFD006139FB /* Components */,
				07FC08771E26E8A30022597B /* StaffClef.swift */,
				077513A21E27CBBB006139FB /* StaffClefView.swift */,
				077513A91E27CD2B006139FB /* BassClef.swift */,
				077513AA1E27CD2B006139FB /* TenorClef.swift */,
				077513A81E27CD2B006139FB /* AltoClef.swift */,
				077513AB1E27CD2B006139FB /* TrebleClef.swift */,
			);
			name = Clef;
			sourceTree = "<group>";
		};
		077513B41E27CFCB006139FB /* Ornaments */ = {
			isa = PBXGroup;
			children = (
				077513C81E27D0C7006139FB /* CircleClefOrnament.swift */,
				077513C91E27D0C7006139FB /* DiamondClefOrnament.swift */,
				077513CA1E27D0C7006139FB /* DotClefOrnament.swift */,
			);
			name = Ornaments;
			sourceTree = "<group>";
		};
		077513B51E27CFFD006139FB /* Components */ = {
			isa = PBXGroup;
			children = (
				077513C01E27D038006139FB /* ClefComponent.swift */,
				077513BF1E27D038006139FB /* CircleClefComponent.swift */,
				077513C11E27D038006139FB /* LineClefComponent.swift */,
				077513B41E27CFCB006139FB /* Ornaments */,
			);
			name = Components;
			sourceTree = "<group>";
		};
		0779EACF1E290AD700F5A348 /* Noteheads */ = {
			isa = PBXGroup;
			children = (
				0779EAD01E290B0400F5A348 /* Notehead.swift */,
				0779EAD21E290B0400F5A348 /* NoteheadType.swift */,
			);
			name = Noteheads;
			sourceTree = "<group>";
		};
		0779EAD91E290BC100F5A348 /* Accidentals */ = {
			isa = PBXGroup;
			children = (
				0779EADA1E290BCD00F5A348 /* Accidental.swift */,
				0779EADB1E290BCD00F5A348 /* AccidentalComponent.swift */,
				0779EADD1E290BCD00F5A348 /* AccidentalFactory.swift */,
				0779EADE1E290BCD00F5A348 /* AccidentalKind.swift */,
				0779EADF1E290BCD00F5A348 /* Natural.swift */,
				0779EAE01E290BCD00F5A348 /* NaturalDown.swift */,
				0779EAE11E290BCD00F5A348 /* NaturalUp.swift */,
				0779EB101E290C3C00F5A348 /* Flat.swift */,
				0779EB111E290C3C00F5A348 /* FlatDown.swift */,
				0779EB121E290C3C00F5A348 /* FlatUp.swift */,
				0779EAE21E290BCD00F5A348 /* QuarterFlat.swift */,
				0779EAE31E290BCD00F5A348 /* QuarterFlatDown.swift */,
				0779EAE41E290BCD00F5A348 /* QuarterFlatUp.swift */,
				0779EAE51E290BCD00F5A348 /* QuarterSharp.swift */,
				0779EAE61E290BCD00F5A348 /* QuarterSharpDown.swift */,
				0779EAE71E290BCD00F5A348 /* QuarterSharpUp.swift */,
				0779EAE81E290BCD00F5A348 /* Sharp.swift */,
				0779EAE91E290BCD00F5A348 /* SharpDown.swift */,
				0779EAEA1E290BCD00F5A348 /* SharpType.swift */,
				0779EAEB1E290BCD00F5A348 /* SharpUp.swift */,
			);
			name = Accidentals;
			sourceTree = "<group>";
		};
		27BD23367CC017B07E82A515 /* Supporting Files */ = {
			isa = PBXGroup;
			children = (
				9EEBCA8BD12A403D5B76C93A /* Info.plist */,
			);
			name = "Supporting Files";
			sourceTree = "<group>";
		};
		484DF137128FB04A366DE369 /* iOS */ = {
			isa = PBXGroup;
			children = (
				4ED16700C9604165B35855D4 /* Foundation.framework */,
			);
			name = iOS;
			sourceTree = "<group>";
		};
		79A499E6BC490C37A6D0F149 /* StaffTests */ = {
			isa = PBXGroup;
			children = (
				27BD23367CC017B07E82A515 /* Supporting Files */,
				07FC08891E26E9E10022597B /* StaffViewTests.swift */,
				075303DC1E2A682000457EAD /* StaffPointModelTests.swift */,
				075303DF1E2A760200457EAD /* StaffModelTests.swift */,
				07FC088C1E26F10B0022597B /* StaffClefTests.swift */,
				074BD7981E27E3CE00FBAC50 /* StaffStructureRendererTests.swift */,
			);
			name = StaffTests;
			sourceTree = "<group>";
		};
		7A38B6DC4BC760C33E6FF59C /* Products */ = {
			isa = PBXGroup;
			children = (
				B4431A21C76A28976643A6E0 /* Staff.framework */,
				58FC3E353BD1DEADED46A310 /* Staff iOS Tests.xctest */,
				9ED3CC23DA6A26BAAF999C4C /* Staff.framework */,
				18540E5AF02A00E5AB9A523F /* Staff macOS Tests.xctest */,
			);
			name = Products;
			sourceTree = "<group>";
		};
		7AF4998729103C96729D3294 /* Frameworks */ = {
			isa = PBXGroup;
			children = (
				484DF137128FB04A366DE369 /* iOS */,
				93B74AB008F2E89790859C22 /* OS X */,
			);
			name = Frameworks;
			sourceTree = "<group>";
		};
		93B74AB008F2E89790859C22 /* OS X */ = {
			isa = PBXGroup;
			children = (
				12E8047C92F2C9AAB56A372E /* Cocoa.framework */,
			);
			name = "OS X";
			sourceTree = "<group>";
		};
		BA43FBBEE2422A73D873944B /* Staff */ = {
			isa = PBXGroup;
			children = (
				0779EAD91E290BC100F5A348 /* Accidentals */,
				077513A11E27CBA4006139FB /* Clef */,
				0779EACF1E290AD700F5A348 /* Noteheads */,
				07FC08781E26E8A30022597B /* StaffInformationRenderer.swift */,
				0779EB281E29355D00F5A348 /* StaffPitchSetRenderer.swift */,
				0779EB2B1E29362800F5A348 /* LedgerLineRenderDelegate.swift */,
				0779EB251E292C2C00F5A348 /* StaffInformationConfiguration.swift */,
				0779EB191E29280E00F5A348 /* StaffRepresentablePitchCollection.swift */,
				0779EB1A1E29280E00F5A348 /* StaffRepresentablePitch.swift */,
				0779EB1B1E29280E00F5A348 /* StaffRepresentedPitchCollection.swift */,
				0779EB1C1E29280E00F5A348 /* StaffRepresentedPitch.swift */,
				077513A51E27CC32006139FB /* StaffSlotScaling.swift */,
				07FC08791E26E8A30022597B /* StaffModel.swift */,
				075303D31E2A607100457EAD /* StaffPointModel.swift */,
				07FC087A1E26E8A30022597B /* StaffSlot.swift */,
				07FC087B1E26E8A30022597B /* StaffStructureRenderer.swift */,
				077513D11E27D888006139FB /* StaffStructureConfiguration.swift */,
				07FC087C1E26E8A30022597B /* StaffView.swift */,
				BBF99C9F2A3E7D92E8DFDE24 /* Supporting Files */,
			);
			name = Staff;
			sourceTree = "<group>";
		};
		BBF99C9F2A3E7D92E8DFDE24 /* Supporting Files */ = {
			isa = PBXGroup;
			children = (
				12FC34A9FB80885B53D1216C /* Info.plist */,
			);
			name = "Supporting Files";
			sourceTree = "<group>";
		};
		CAC5A8237784506F2B962D75 = {
			isa = PBXGroup;
			children = (
				7A38B6DC4BC760C33E6FF59C /* Products */,
				7AF4998729103C96729D3294 /* Frameworks */,
				BA43FBBEE2422A73D873944B /* Staff */,
				79A499E6BC490C37A6D0F149 /* StaffTests */,
				AD259B45DD216708EDF440D7 /* Staff.h */,
			);
			sourceTree = "<group>";
		};
/* End PBXGroup section */

/* Begin PBXHeadersBuildPhase section */
		0246256AFF0377203558AB47 /* Headers */ = {
			isa = PBXHeadersBuildPhase;
			buildActionMask = 2147483647;
			files = (
				61C1A519E89250F66F7FEEFC /* Staff.h in Headers */,
			);
			runOnlyForDeploymentPostprocessing = 0;
		};
		30370C9AEED59AAA17C009BD /* Headers */ = {
			isa = PBXHeadersBuildPhase;
			buildActionMask = 2147483647;
			files = (
				A31C1333566D6DB357D6CE98 /* Staff.h in Headers */,
			);
			runOnlyForDeploymentPostprocessing = 0;
		};
/* End PBXHeadersBuildPhase section */

/* Begin PBXNativeTarget section */
		12A398075FC2C515FC6FCA3C /* Staff iOS Tests */ = {
			isa = PBXNativeTarget;
			buildConfigurationList = 527E9D2C4A2B4BA0AB5D64B1 /* Build configuration list for PBXNativeTarget "Staff iOS Tests" */;
			buildPhases = (
				46B1DBFC408CEE4E98E1D807 /* Sources */,
				48C1BC53D8490D4E3FF23A69 /* Frameworks */,
				16E80195BEDA3DDD8D9CF9B5 /* ShellScript */,
			);
			buildRules = (
			);
			dependencies = (
				3BC1DEAD95A19DB807715AA4 /* PBXTargetDependency */,
			);
			name = "Staff iOS Tests";
			productName = "Staff iOS Tests";
			productReference = 58FC3E353BD1DEADED46A310 /* Staff iOS Tests.xctest */;
			productType = "com.apple.product-type.bundle.unit-test";
		};
		4F8D1CAFD5303F1B190AAC71 /* Staff iOS */ = {
			isa = PBXNativeTarget;
			buildConfigurationList = 179A742793C0EA681A14A628 /* Build configuration list for PBXNativeTarget "Staff iOS" */;
			buildPhases = (
				4C8DDC62C9FE138BCB024266 /* Sources */,
				146DC6FC531A4389BC6BAC4C /* Frameworks */,
				30370C9AEED59AAA17C009BD /* Headers */,
			);
			buildRules = (
			);
			dependencies = (
			);
			name = "Staff iOS";
			productName = "Staff iOS";
			productReference = B4431A21C76A28976643A6E0 /* Staff.framework */;
			productType = "com.apple.product-type.framework";
		};
		51BAB78C682DB9D9DB6C1B1A /* Staff macOS Tests */ = {
			isa = PBXNativeTarget;
			buildConfigurationList = CC46AF4F9DA349AB0C5DD356 /* Build configuration list for PBXNativeTarget "Staff macOS Tests" */;
			buildPhases = (
				B7E018A04B58A82AAA7D03C7 /* Sources */,
				737E46FEA80FD502B1D5E0BE /* Frameworks */,
				BAF9FAEE3898E54BA10C4D17 /* ShellScript */,
			);
			buildRules = (
			);
			dependencies = (
				04EFC76D1D9253C1C636CFF6 /* PBXTargetDependency */,
			);
			name = "Staff macOS Tests";
			productName = "Staff macOS Tests";
			productReference = 18540E5AF02A00E5AB9A523F /* Staff macOS Tests.xctest */;
			productType = "com.apple.product-type.bundle.unit-test";
		};
		F1E69B0392FB2AB5961C7A75 /* Staff macOS */ = {
			isa = PBXNativeTarget;
			buildConfigurationList = 1A0A44124C3753DEB5D9C0A2 /* Build configuration list for PBXNativeTarget "Staff macOS" */;
			buildPhases = (
				880CFE2EDF21E2412A749148 /* Sources */,
				FDD9293EC16F00B2DD5BF7E6 /* Frameworks */,
				0246256AFF0377203558AB47 /* Headers */,
			);
			buildRules = (
			);
			dependencies = (
			);
			name = "Staff macOS";
			productName = "Staff macOS";
			productReference = 9ED3CC23DA6A26BAAF999C4C /* Staff.framework */;
			productType = "com.apple.product-type.framework";
		};
/* End PBXNativeTarget section */

/* Begin PBXProject section */
		62256F1D2C3698B5057861F9 /* Project object */ = {
			isa = PBXProject;
			attributes = {
				LastSwiftUpdateCheck = 0730;
				LastUpgradeCheck = 0700;
				TargetAttributes = {
					12A398075FC2C515FC6FCA3C = {
						LastSwiftMigration = 0820;
					};
					4F8D1CAFD5303F1B190AAC71 = {
						LastSwiftMigration = 0820;
					};
					51BAB78C682DB9D9DB6C1B1A = {
						LastSwiftMigration = 0820;
					};
					F1E69B0392FB2AB5961C7A75 = {
						LastSwiftMigration = 0820;
					};
				};
			};
			buildConfigurationList = E7C6275832B59BBE14ECC6D3 /* Build configuration list for PBXProject "Staff" */;
			compatibilityVersion = "Xcode 3.2";
			developmentRegion = English;
			hasScannedForEncodings = 0;
			knownRegions = (
				en,
			);
			mainGroup = CAC5A8237784506F2B962D75;
			productRefGroup = 7A38B6DC4BC760C33E6FF59C /* Products */;
			projectDirPath = "";
			projectRoot = "";
			targets = (
				4F8D1CAFD5303F1B190AAC71 /* Staff iOS */,
				12A398075FC2C515FC6FCA3C /* Staff iOS Tests */,
				F1E69B0392FB2AB5961C7A75 /* Staff macOS */,
				51BAB78C682DB9D9DB6C1B1A /* Staff macOS Tests */,
			);
		};
/* End PBXProject section */

/* Begin PBXShellScriptBuildPhase section */
		16E80195BEDA3DDD8D9CF9B5 /* ShellScript */ = {
			isa = PBXShellScriptBuildPhase;
			buildActionMask = 2147483647;
			files = (
			);
			inputPaths = (
				"$(SRCROOT)/Carthage/Build/iOS/ArithmeticTools.framework",
				"$(SRCROOT)/Carthage/Build/iOS/Collections.framework",
				"$(SRCROOT)/Carthage/Build/iOS/Color.framework",
				"$(SRCROOT)/Carthage/Build/iOS/GraphicsTools.framework",
				"$(SRCROOT)/Carthage/Build/iOS/PathTools.framework",
				"$(SRCROOT)/Carthage/Build/iOS/Pitch.framework",
				"$(SRCROOT)/Carthage/Build/iOS/PitchSpellingTools.framework",
				"$(SRCROOT)/Carthage/Build/iOS/Plot.framework",
			);
			outputPaths = (
			);
			runOnlyForDeploymentPostprocessing = 0;
			shellPath = /bin/sh;
			shellScript = "/usr/local/bin/carthage copy-frameworks";
		};
		BAF9FAEE3898E54BA10C4D17 /* ShellScript */ = {
			isa = PBXShellScriptBuildPhase;
			buildActionMask = 2147483647;
			files = (
			);
			inputPaths = (
				"$(SRCROOT)/Carthage/Build/Mac/ArithmeticTools.framework",
				"$(SRCROOT)/Carthage/Build/Mac/Collections.framework",
				"$(SRCROOT)/Carthage/Build/Mac/Color.framework",
				"$(SRCROOT)/Carthage/Build/Mac/GraphicsTools.framework",
				"$(SRCROOT)/Carthage/Build/Mac/PathTools.framework",
				"$(SRCROOT)/Carthage/Build/Mac/Pitch.framework",
				"$(SRCROOT)/Carthage/Build/Mac/PitchSpellingTools.framework",
				"$(SRCROOT)/Carthage/Build/Mac/Plot.framework",
			);
			outputPaths = (
			);
			runOnlyForDeploymentPostprocessing = 0;
			shellPath = /bin/sh;
			shellScript = "/usr/local/bin/carthage copy-frameworks";
		};
/* End PBXShellScriptBuildPhase section */

/* Begin PBXSourcesBuildPhase section */
		46B1DBFC408CEE4E98E1D807 /* Sources */ = {
			isa = PBXSourcesBuildPhase;
			buildActionMask = 2147483647;
			files = (
				07FC088D1E26F10B0022597B /* StaffClefTests.swift in Sources */,
				07FC088A1E26E9E10022597B /* StaffViewTests.swift in Sources */,
				074BD7991E27E3CE00FBAC50 /* StaffStructureRendererTests.swift in Sources */,
				075303E01E2A760200457EAD /* StaffModelTests.swift in Sources */,
				075303DD1E2A682000457EAD /* StaffPointModelTests.swift in Sources */,
			);
			runOnlyForDeploymentPostprocessing = 0;
		};
		4C8DDC62C9FE138BCB024266 /* Sources */ = {
			isa = PBXSourcesBuildPhase;
			buildActionMask = 2147483647;
			files = (
				0779EAFA1E290BCD00F5A348 /* NaturalUp.swift in Sources */,
				077513C21E27D038006139FB /* CircleClefComponent.swift in Sources */,
				0779EB171E290C3C00F5A348 /* FlatUp.swift in Sources */,
				075303D41E2A607100457EAD /* StaffPointModel.swift in Sources */,
				0779EAD71E290B0400F5A348 /* NoteheadType.swift in Sources */,
				0779EB1F1E29280E00F5A348 /* StaffRepresentablePitch.swift in Sources */,
				0779EB291E29355D00F5A348 /* StaffPitchSetRenderer.swift in Sources */,
				077513D21E27D888006139FB /* StaffStructureConfiguration.swift in Sources */,
				077513A61E27CC32006139FB /* StaffSlotScaling.swift in Sources */,
				07FC08831E26E8A30022597B /* StaffSlot.swift in Sources */,
				0779EB0A1E290BCD00F5A348 /* SharpDown.swift in Sources */,
				077513A31E27CBBB006139FB /* StaffClefView.swift in Sources */,
				0779EB151E290C3C00F5A348 /* FlatDown.swift in Sources */,
				077513CD1E27D0C7006139FB /* DiamondClefOrnament.swift in Sources */,
				077513CF1E27D0C7006139FB /* DotClefOrnament.swift in Sources */,
				07FC08811E26E8A30022597B /* StaffModel.swift in Sources */,
				0779EB0E1E290BCD00F5A348 /* SharpUp.swift in Sources */,
				07FC087F1E26E8A30022597B /* StaffInformationRenderer.swift in Sources */,
				0779EAF81E290BCD00F5A348 /* NaturalDown.swift in Sources */,
				0779EB231E29280E00F5A348 /* StaffRepresentedPitch.swift in Sources */,
				0779EAF41E290BCD00F5A348 /* AccidentalKind.swift in Sources */,
				0779EAF61E290BCD00F5A348 /* Natural.swift in Sources */,
				07FC08871E26E8A30022597B /* StaffView.swift in Sources */,
				0779EAEC1E290BCD00F5A348 /* Accidental.swift in Sources */,
				0779EB261E292C2C00F5A348 /* StaffInformationConfiguration.swift in Sources */,
				077513C41E27D038006139FB /* ClefComponent.swift in Sources */,
				077513AE1E27CD2B006139FB /* BassClef.swift in Sources */,
				0779EB211E29280E00F5A348 /* StaffRepresentedPitchCollection.swift in Sources */,
				0779EB131E290C3C00F5A348 /* Flat.swift in Sources */,
				0779EAFE1E290BCD00F5A348 /* QuarterFlatDown.swift in Sources */,
				0779EB2C1E29362800F5A348 /* LedgerLineRenderDelegate.swift in Sources */,
				077513CB1E27D0C7006139FB /* CircleClefOrnament.swift in Sources */,
				0779EB081E290BCD00F5A348 /* Sharp.swift in Sources */,
				0779EAF21E290BCD00F5A348 /* AccidentalFactory.swift in Sources */,
				0779EB061E290BCD00F5A348 /* QuarterSharpUp.swift in Sources */,
				077513C61E27D038006139FB /* LineClefComponent.swift in Sources */,
				0779EB021E290BCD00F5A348 /* QuarterSharp.swift in Sources */,
				07FC087D1E26E8A30022597B /* StaffClef.swift in Sources */,
				077513B01E27CD2B006139FB /* TenorClef.swift in Sources */,
				07FC08851E26E8A30022597B /* StaffStructureRenderer.swift in Sources */,
				0779EAFC1E290BCD00F5A348 /* QuarterFlat.swift in Sources */,
				0779EAD31E290B0400F5A348 /* Notehead.swift in Sources */,
				0779EB041E290BCD00F5A348 /* QuarterSharpDown.swift in Sources */,
				077513AC1E27CD2B006139FB /* AltoClef.swift in Sources */,
				0779EB0C1E290BCD00F5A348 /* SharpType.swift in Sources */,
				0779EB001E290BCD00F5A348 /* QuarterFlatUp.swift in Sources */,
				0779EB1D1E29280E00F5A348 /* StaffRepresentablePitchCollection.swift in Sources */,
				077513B21E27CD2B006139FB /* TrebleClef.swift in Sources */,
				0779EAEE1E290BCD00F5A348 /* AccidentalComponent.swift in Sources */,
			);
			runOnlyForDeploymentPostprocessing = 0;
		};
		880CFE2EDF21E2412A749148 /* Sources */ = {
			isa = PBXSourcesBuildPhase;
			buildActionMask = 2147483647;
			files = (
				0779EAFB1E290BCD00F5A348 /* NaturalUp.swift in Sources */,
				077513C31E27D038006139FB /* CircleClefComponent.swift in Sources */,
				0779EB181E290C3C00F5A348 /* FlatUp.swift in Sources */,
				075303D51E2A607100457EAD /* StaffPointModel.swift in Sources */,
				0779EAD81E290B0400F5A348 /* NoteheadType.swift in Sources */,
				0779EB201E29280E00F5A348 /* StaffRepresentablePitch.swift in Sources */,
				0779EB2A1E29355D00F5A348 /* StaffPitchSetRenderer.swift in Sources */,
				077513D31E27D888006139FB /* StaffStructureConfiguration.swift in Sources */,
				077513A71E27CC32006139FB /* StaffSlotScaling.swift in Sources */,
				07FC08841E26E8A30022597B /* StaffSlot.swift in Sources */,
				0779EB0B1E290BCD00F5A348 /* SharpDown.swift in Sources */,
				077513A41E27CBBB006139FB /* StaffClefView.swift in Sources */,
				0779EB161E290C3C00F5A348 /* FlatDown.swift in Sources */,
				077513CE1E27D0C7006139FB /* DiamondClefOrnament.swift in Sources */,
				077513D01E27D0C7006139FB /* DotClefOrnament.swift in Sources */,
				07FC08821E26E8A30022597B /* StaffModel.swift in Sources */,
				0779EB0F1E290BCD00F5A348 /* SharpUp.swift in Sources */,
				07FC08801E26E8A30022597B /* StaffInformationRenderer.swift in Sources */,
				0779EAF91E290BCD00F5A348 /* NaturalDown.swift in Sources */,
				0779EB241E29280E00F5A348 /* StaffRepresentedPitch.swift in Sources */,
				0779EAF51E290BCD00F5A348 /* AccidentalKind.swift in Sources */,
				0779EAF71E290BCD00F5A348 /* Natural.swift in Sources */,
				07FC08881E26E8A30022597B /* StaffView.swift in Sources */,
				0779EAED1E290BCD00F5A348 /* Accidental.swift in Sources */,
				0779EB271E292C2C00F5A348 /* StaffInformationConfiguration.swift in Sources */,
				077513C51E27D038006139FB /* ClefComponent.swift in Sources */,
				077513AF1E27CD2B006139FB /* BassClef.swift in Sources */,
				0779EB221E29280E00F5A348 /* StaffRepresentedPitchCollection.swift in Sources */,
				0779EB141E290C3C00F5A348 /* Flat.swift in Sources */,
				0779EAFF1E290BCD00F5A348 /* QuarterFlatDown.swift in Sources */,
				0779EB2D1E29362800F5A348 /* LedgerLineRenderDelegate.swift in Sources */,
				077513CC1E27D0C7006139FB /* CircleClefOrnament.swift in Sources */,
				0779EB091E290BCD00F5A348 /* Sharp.swift in Sources */,
				0779EAF31E290BCD00F5A348 /* AccidentalFactory.swift in Sources */,
				0779EB071E290BCD00F5A348 /* QuarterSharpUp.swift in Sources */,
				077513C71E27D038006139FB /* LineClefComponent.swift in Sources */,
				0779EB031E290BCD00F5A348 /* QuarterSharp.swift in Sources */,
				07FC087E1E26E8A30022597B /* StaffClef.swift in Sources */,
				077513B11E27CD2B006139FB /* TenorClef.swift in Sources */,
				07FC08861E26E8A30022597B /* StaffStructureRenderer.swift in Sources */,
				0779EAFD1E290BCD00F5A348 /* QuarterFlat.swift in Sources */,
				0779EAD41E290B0400F5A348 /* Notehead.swift in Sources */,
				0779EB051E290BCD00F5A348 /* QuarterSharpDown.swift in Sources */,
				077513AD1E27CD2B006139FB /* AltoClef.swift in Sources */,
				0779EB0D1E290BCD00F5A348 /* SharpType.swift in Sources */,
				0779EB011E290BCD00F5A348 /* QuarterFlatUp.swift in Sources */,
				0779EB1E1E29280E00F5A348 /* StaffRepresentablePitchCollection.swift in Sources */,
				077513B31E27CD2B006139FB /* TrebleClef.swift in Sources */,
				0779EAEF1E290BCD00F5A348 /* AccidentalComponent.swift in Sources */,
			);
			runOnlyForDeploymentPostprocessing = 0;
		};
		B7E018A04B58A82AAA7D03C7 /* Sources */ = {
			isa = PBXSourcesBuildPhase;
			buildActionMask = 2147483647;
			files = (
				07FC088E1E26F10B0022597B /* StaffClefTests.swift in Sources */,
				07FC088B1E26E9E10022597B /* StaffViewTests.swift in Sources */,
				074BD79A1E27E3CE00FBAC50 /* StaffStructureRendererTests.swift in Sources */,
				075303E11E2A760200457EAD /* StaffModelTests.swift in Sources */,
				075303DE1E2A682000457EAD /* StaffPointModelTests.swift in Sources */,
			);
			runOnlyForDeploymentPostprocessing = 0;
		};
/* End PBXSourcesBuildPhase section */

/* Begin PBXTargetDependency section */
		04EFC76D1D9253C1C636CFF6 /* PBXTargetDependency */ = {
			isa = PBXTargetDependency;
			name = "Staff macOS";
			target = F1E69B0392FB2AB5961C7A75 /* Staff macOS */;
			targetProxy = FAB10EAE6743EA872DAD0A8A /* PBXContainerItemProxy */;
		};
		3BC1DEAD95A19DB807715AA4 /* PBXTargetDependency */ = {
			isa = PBXTargetDependency;
			name = "Staff iOS";
			target = 4F8D1CAFD5303F1B190AAC71 /* Staff iOS */;
			targetProxy = 6D40DA50F72FFE32D48FED32 /* PBXContainerItemProxy */;
		};
/* End PBXTargetDependency section */

/* Begin XCBuildConfiguration section */
		1615444092E1B89F80305EF8 /* Release */ = {
			isa = XCBuildConfiguration;
			buildSettings = {
				ALWAYS_EMBED_SWIFT_STANDARD_LIBRARIES = NO;
				CLANG_ENABLE_MODULES = YES;
				CODE_SIGN_IDENTITY = "-";
				"CODE_SIGN_IDENTITY[sdk=iphoneos*]" = "-";
				COMBINE_HIDPI_IMAGES = YES;
				CURRENT_PROJECT_VERSION = 1;
				DEBUG_INFORMATION_FORMAT = "dwarf-with-dsym";
				DEFINES_MODULE = YES;
				DYLIB_COMPATIBILITY_VERSION = 1;
				DYLIB_CURRENT_VERSION = 1;
				DYLIB_INSTALL_NAME_BASE = "@rpath";
				ENABLE_STRICT_OBJC_MSGSEND = YES;
				FRAMEWORK_SEARCH_PATHS = "$(SRCROOT)/Carthage/Build/Mac";
				FRAMEWORK_VERSION = A;
				GCC_NO_COMMON_BLOCKS = YES;
				INFOPLIST_FILE = Staff/Info.plist;
				INSTALL_PATH = "$(LOCAL_LIBRARY_DIR)/Frameworks";
				LD_RUNPATH_SEARCH_PATHS = "$(inherited) @executable_path/../Frameworks @loader_path/Frameworks";
				MACOSX_DEPLOYMENT_TARGET = 10.9;
				MTL_ENABLE_DEBUG_INFO = NO;
				PRODUCT_BUNDLE_IDENTIFIER = "com.dn-m.Staff";
				PRODUCT_NAME = Staff;
				SDKROOT = macosx;
				SKIP_INSTALL = YES;
				SWIFT_VERSION = 3.0;
				VERSIONING_SYSTEM = "apple-generic";
				VERSION_INFO_PREFIX = "";
			};
			name = Release;
		};
		1FF3F1C92F81690A8DA72E4C /* Debug */ = {
			isa = XCBuildConfiguration;
			buildSettings = {
				ALWAYS_EMBED_SWIFT_STANDARD_LIBRARIES = NO;
				CLANG_ENABLE_MODULES = YES;
				"CODE_SIGN_IDENTITY[sdk=iphoneos*]" = "-";
				CURRENT_PROJECT_VERSION = 1;
				DEBUG_INFORMATION_FORMAT = dwarf;
				DEFINES_MODULE = YES;
				DYLIB_COMPATIBILITY_VERSION = 1;
				DYLIB_CURRENT_VERSION = 1;
				DYLIB_INSTALL_NAME_BASE = "@rpath";
				ENABLE_STRICT_OBJC_MSGSEND = YES;
				FRAMEWORK_SEARCH_PATHS = "$(SRCROOT)/Carthage/Build/iOS";
				GCC_NO_COMMON_BLOCKS = YES;
				INFOPLIST_FILE = Staff/Info.plist;
				INSTALL_PATH = "$(LOCAL_LIBRARY_DIR)/Frameworks";
				IPHONEOS_DEPLOYMENT_TARGET = 8.4;
				LD_RUNPATH_SEARCH_PATHS = "$(inherited) @executable_path/Frameworks @loader_path/Frameworks";
				MTL_ENABLE_DEBUG_INFO = YES;
				PRODUCT_BUNDLE_IDENTIFIER = "com.dn-m.Staff";
				PRODUCT_NAME = Staff;
				SDKROOT = iphoneos;
				SKIP_INSTALL = YES;
				SWIFT_OPTIMIZATION_LEVEL = "-Onone";
				SWIFT_VERSION = 3.0;
				TARGETED_DEVICE_FAMILY = "1,2";
				VERSIONING_SYSTEM = "apple-generic";
				VERSION_INFO_PREFIX = "";
			};
			name = Debug;
		};
		5327F9C105596F45CFC78232 /* Release */ = {
			isa = XCBuildConfiguration;
			buildSettings = {
				ALWAYS_EMBED_SWIFT_STANDARD_LIBRARIES = YES;
				CLANG_ENABLE_MODULES = YES;
				COMBINE_HIDPI_IMAGES = YES;
				DEBUG_INFORMATION_FORMAT = "dwarf-with-dsym";
				ENABLE_STRICT_OBJC_MSGSEND = YES;
				FRAMEWORK_SEARCH_PATHS = "$(SRCROOT)/Carthage/Build/iOS";
				GCC_NO_COMMON_BLOCKS = YES;
				INFOPLIST_FILE = StaffTests/Info.plist;
				IPHONEOS_DEPLOYMENT_TARGET = 8.4;
				LD_RUNPATH_SEARCH_PATHS = "$(inherited) @executable_path/Frameworks @loader_path/Frameworks $(SRCROOT)/Carthage/Build/iOS";
				MTL_ENABLE_DEBUG_INFO = NO;
				PRODUCT_NAME = "$(TARGET_NAME)";
				SDKROOT = iphoneos;
				SWIFT_VERSION = 3.0;
			};
			name = Release;
		};
		639ED01AB0FE42232D8B5FA7 /* Release */ = {
			isa = XCBuildConfiguration;
			buildSettings = {
				ALWAYS_EMBED_SWIFT_STANDARD_LIBRARIES = NO;
				CLANG_ENABLE_MODULES = YES;
				"CODE_SIGN_IDENTITY[sdk=iphoneos*]" = "-";
				CURRENT_PROJECT_VERSION = 1;
				DEBUG_INFORMATION_FORMAT = "dwarf-with-dsym";
				DEFINES_MODULE = YES;
				DYLIB_COMPATIBILITY_VERSION = 1;
				DYLIB_CURRENT_VERSION = 1;
				DYLIB_INSTALL_NAME_BASE = "@rpath";
				ENABLE_STRICT_OBJC_MSGSEND = YES;
				FRAMEWORK_SEARCH_PATHS = "$(SRCROOT)/Carthage/Build/iOS";
				GCC_NO_COMMON_BLOCKS = YES;
				INFOPLIST_FILE = Staff/Info.plist;
				INSTALL_PATH = "$(LOCAL_LIBRARY_DIR)/Frameworks";
				IPHONEOS_DEPLOYMENT_TARGET = 8.4;
				LD_RUNPATH_SEARCH_PATHS = "$(inherited) @executable_path/Frameworks @loader_path/Frameworks";
				MTL_ENABLE_DEBUG_INFO = NO;
				PRODUCT_BUNDLE_IDENTIFIER = "com.dn-m.Staff";
				PRODUCT_NAME = Staff;
				SDKROOT = iphoneos;
				SKIP_INSTALL = YES;
				SWIFT_VERSION = 3.0;
				TARGETED_DEVICE_FAMILY = "1,2";
				VERSIONING_SYSTEM = "apple-generic";
				VERSION_INFO_PREFIX = "";
			};
			name = Release;
		};
		8F41CA417401AE819737420B /* Release */ = {
			isa = XCBuildConfiguration;
			buildSettings = {
				ALWAYS_EMBED_SWIFT_STANDARD_LIBRARIES = YES;
				CLANG_ENABLE_MODULES = YES;
				COMBINE_HIDPI_IMAGES = YES;
				DEBUG_INFORMATION_FORMAT = "dwarf-with-dsym";
				ENABLE_STRICT_OBJC_MSGSEND = YES;
				FRAMEWORK_SEARCH_PATHS = "$(SRCROOT)/Carthage/Build/Mac";
				GCC_NO_COMMON_BLOCKS = YES;
				INFOPLIST_FILE = StaffTests/Info.plist;
				LD_RUNPATH_SEARCH_PATHS = "$(inherited) @executable_path/../Frameworks @loader_path/../Frameworks $(SRCROOT)/Carthage/Build/Mac";
				MACOSX_DEPLOYMENT_TARGET = 10.9;
				MTL_ENABLE_DEBUG_INFO = NO;
				PRODUCT_NAME = "$(TARGET_NAME)";
				SDKROOT = macosx;
				SWIFT_VERSION = 3.0;
			};
			name = Release;
		};
		93C4E5B758978A966B77114F /* Release */ = {
			isa = XCBuildConfiguration;
			buildSettings = {
				ALWAYS_SEARCH_USER_PATHS = NO;
				CLANG_ANALYZER_NONNULL = YES;
				CLANG_CXX_LANGUAGE_STANDARD = "gnu++0x";
				CLANG_CXX_LIBRARY = "libc++";
				CLANG_ENABLE_MODULES = YES;
				CLANG_ENABLE_OBJC_ARC = YES;
				CLANG_WARN_BOOL_CONVERSION = YES;
				CLANG_WARN_CONSTANT_CONVERSION = YES;
				CLANG_WARN_DIRECT_OBJC_ISA_USAGE = YES;
				CLANG_WARN_EMPTY_BODY = YES;
				CLANG_WARN_ENUM_CONVERSION = YES;
				CLANG_WARN_INFINITE_RECURSION = YES;
				CLANG_WARN_INT_CONVERSION = YES;
				CLANG_WARN_OBJC_ROOT_CLASS = YES;
				CLANG_WARN_SUSPICIOUS_MOVE = YES;
				CLANG_WARN_UNREACHABLE_CODE = YES;
				CLANG_WARN__DUPLICATE_METHOD_MATCH = YES;
				COPY_PHASE_STRIP = YES;
				ENABLE_BITCODE = NO;
				ENABLE_NS_ASSERTIONS = NO;
				ENABLE_STRICT_OBJC_MSGSEND = YES;
				GCC_C_LANGUAGE_STANDARD = gnu99;
				GCC_NO_COMMON_BLOCKS = YES;
				GCC_WARN_64_TO_32_BIT_CONVERSION = YES;
				GCC_WARN_ABOUT_RETURN_TYPE = YES;
				GCC_WARN_UNDECLARED_SELECTOR = YES;
				GCC_WARN_UNINITIALIZED_AUTOS = YES;
				GCC_WARN_UNUSED_FUNCTION = YES;
				GCC_WARN_UNUSED_VARIABLE = YES;
				SWIFT_OPTIMIZATION_LEVEL = "-Owholemodule";
				VALIDATE_PRODUCT = YES;
			};
			name = Release;
		};
		A0C5F678DEEC4A456F0A5B0C /* Debug */ = {
			isa = XCBuildConfiguration;
			buildSettings = {
				ALWAYS_EMBED_SWIFT_STANDARD_LIBRARIES = NO;
				CLANG_ENABLE_MODULES = YES;
				CODE_SIGN_IDENTITY = "-";
				"CODE_SIGN_IDENTITY[sdk=iphoneos*]" = "-";
				COMBINE_HIDPI_IMAGES = YES;
				CURRENT_PROJECT_VERSION = 1;
				DEBUG_INFORMATION_FORMAT = dwarf;
				DEFINES_MODULE = YES;
				DYLIB_COMPATIBILITY_VERSION = 1;
				DYLIB_CURRENT_VERSION = 1;
				DYLIB_INSTALL_NAME_BASE = "@rpath";
				ENABLE_STRICT_OBJC_MSGSEND = YES;
				FRAMEWORK_SEARCH_PATHS = "$(SRCROOT)/Carthage/Build/Mac";
				FRAMEWORK_VERSION = A;
				GCC_NO_COMMON_BLOCKS = YES;
				INFOPLIST_FILE = Staff/Info.plist;
				INSTALL_PATH = "$(LOCAL_LIBRARY_DIR)/Frameworks";
				LD_RUNPATH_SEARCH_PATHS = "$(inherited) @executable_path/../Frameworks @loader_path/Frameworks";
				MACOSX_DEPLOYMENT_TARGET = 10.9;
				MTL_ENABLE_DEBUG_INFO = YES;
				PRODUCT_BUNDLE_IDENTIFIER = "com.dn-m.Staff";
				PRODUCT_NAME = Staff;
				SDKROOT = macosx;
				SKIP_INSTALL = YES;
				SWIFT_OPTIMIZATION_LEVEL = "-Onone";
				SWIFT_VERSION = 3.0;
				VERSIONING_SYSTEM = "apple-generic";
				VERSION_INFO_PREFIX = "";
			};
			name = Debug;
		};
		C632B9A88FE1AA525E7091C2 /* Debug */ = {
			isa = XCBuildConfiguration;
			buildSettings = {
				ALWAYS_SEARCH_USER_PATHS = NO;
				CLANG_ANALYZER_NONNULL = YES;
				CLANG_CXX_LANGUAGE_STANDARD = "gnu++0x";
				CLANG_CXX_LIBRARY = "libc++";
				CLANG_ENABLE_MODULES = YES;
				CLANG_ENABLE_OBJC_ARC = YES;
				CLANG_WARN_BOOL_CONVERSION = YES;
				CLANG_WARN_CONSTANT_CONVERSION = YES;
				CLANG_WARN_DIRECT_OBJC_ISA_USAGE = YES;
				CLANG_WARN_EMPTY_BODY = YES;
				CLANG_WARN_ENUM_CONVERSION = YES;
				CLANG_WARN_INFINITE_RECURSION = YES;
				CLANG_WARN_INT_CONVERSION = YES;
				CLANG_WARN_OBJC_ROOT_CLASS = YES;
				CLANG_WARN_SUSPICIOUS_MOVE = YES;
				CLANG_WARN_UNREACHABLE_CODE = YES;
				CLANG_WARN__DUPLICATE_METHOD_MATCH = YES;
				COPY_PHASE_STRIP = NO;
				ENABLE_BITCODE = NO;
				ENABLE_STRICT_OBJC_MSGSEND = YES;
				ENABLE_TESTABILITY = YES;
				GCC_C_LANGUAGE_STANDARD = gnu99;
				GCC_DYNAMIC_NO_PIC = NO;
				GCC_NO_COMMON_BLOCKS = YES;
				GCC_OPTIMIZATION_LEVEL = 0;
				GCC_PREPROCESSOR_DEFINITIONS = (
					"DEBUG=1",
					"$(inherited)",
				);
				GCC_SYMBOLS_PRIVATE_EXTERN = NO;
				GCC_WARN_64_TO_32_BIT_CONVERSION = YES;
				GCC_WARN_ABOUT_RETURN_TYPE = YES;
				GCC_WARN_UNDECLARED_SELECTOR = YES;
				GCC_WARN_UNINITIALIZED_AUTOS = YES;
				GCC_WARN_UNUSED_FUNCTION = YES;
				GCC_WARN_UNUSED_VARIABLE = YES;
				ONLY_ACTIVE_ARCH = YES;
				SWIFT_OPTIMIZATION_LEVEL = "-Owholemodule";
			};
			name = Debug;
		};
		CE909F30470807B8A8981F5C /* Debug */ = {
			isa = XCBuildConfiguration;
			buildSettings = {
				ALWAYS_EMBED_SWIFT_STANDARD_LIBRARIES = YES;
				CLANG_ENABLE_MODULES = YES;
				COMBINE_HIDPI_IMAGES = YES;
				DEBUG_INFORMATION_FORMAT = dwarf;
				ENABLE_STRICT_OBJC_MSGSEND = YES;
				FRAMEWORK_SEARCH_PATHS = "$(SRCROOT)/Carthage/Build/Mac";
				GCC_NO_COMMON_BLOCKS = YES;
				INFOPLIST_FILE = StaffTests/Info.plist;
				LD_RUNPATH_SEARCH_PATHS = "$(inherited) @executable_path/../Frameworks @loader_path/../Frameworks $(SRCROOT)/Carthage/Build/Mac";
				MACOSX_DEPLOYMENT_TARGET = 10.9;
				MTL_ENABLE_DEBUG_INFO = YES;
				PRODUCT_NAME = "$(TARGET_NAME)";
				SDKROOT = macosx;
				SWIFT_OPTIMIZATION_LEVEL = "-Onone";
				SWIFT_VERSION = 3.0;
			};
			name = Debug;
		};
		E9D1FDCBDA4717BE134C8919 /* Debug */ = {
			isa = XCBuildConfiguration;
			buildSettings = {
				ALWAYS_EMBED_SWIFT_STANDARD_LIBRARIES = YES;
				CLANG_ENABLE_MODULES = YES;
				COMBINE_HIDPI_IMAGES = YES;
				DEBUG_INFORMATION_FORMAT = dwarf;
				ENABLE_STRICT_OBJC_MSGSEND = YES;
				FRAMEWORK_SEARCH_PATHS = "$(SRCROOT)/Carthage/Build/iOS";
				GCC_NO_COMMON_BLOCKS = YES;
				INFOPLIST_FILE = StaffTests/Info.plist;
				IPHONEOS_DEPLOYMENT_TARGET = 8.4;
				LD_RUNPATH_SEARCH_PATHS = "$(inherited) @executable_path/Frameworks @loader_path/Frameworks $(SRCROOT)/Carthage/Build/iOS";
				MTL_ENABLE_DEBUG_INFO = YES;
				PRODUCT_NAME = "$(TARGET_NAME)";
				SDKROOT = iphoneos;
				SWIFT_OPTIMIZATION_LEVEL = "-Onone";
				SWIFT_VERSION = 3.0;
			};
			name = Debug;
		};
/* End XCBuildConfiguration section */

/* Begin XCConfigurationList section */
		179A742793C0EA681A14A628 /* Build configuration list for PBXNativeTarget "Staff iOS" */ = {
			isa = XCConfigurationList;
			buildConfigurations = (
				639ED01AB0FE42232D8B5FA7 /* Release */,
				1FF3F1C92F81690A8DA72E4C /* Debug */,
			);
			defaultConfigurationIsVisible = 0;
			defaultConfigurationName = Release;
		};
		1A0A44124C3753DEB5D9C0A2 /* Build configuration list for PBXNativeTarget "Staff macOS" */ = {
			isa = XCConfigurationList;
			buildConfigurations = (
				1615444092E1B89F80305EF8 /* Release */,
				A0C5F678DEEC4A456F0A5B0C /* Debug */,
			);
			defaultConfigurationIsVisible = 0;
			defaultConfigurationName = Release;
		};
		527E9D2C4A2B4BA0AB5D64B1 /* Build configuration list for PBXNativeTarget "Staff iOS Tests" */ = {
			isa = XCConfigurationList;
			buildConfigurations = (
				5327F9C105596F45CFC78232 /* Release */,
				E9D1FDCBDA4717BE134C8919 /* Debug */,
			);
			defaultConfigurationIsVisible = 0;
			defaultConfigurationName = Release;
		};
		CC46AF4F9DA349AB0C5DD356 /* Build configuration list for PBXNativeTarget "Staff macOS Tests" */ = {
			isa = XCConfigurationList;
			buildConfigurations = (
				8F41CA417401AE819737420B /* Release */,
				CE909F30470807B8A8981F5C /* Debug */,
			);
			defaultConfigurationIsVisible = 0;
			defaultConfigurationName = Release;
		};
		E7C6275832B59BBE14ECC6D3 /* Build configuration list for PBXProject "Staff" */ = {
			isa = XCConfigurationList;
			buildConfigurations = (
				C632B9A88FE1AA525E7091C2 /* Debug */,
				93C4E5B758978A966B77114F /* Release */,
			);
			defaultConfigurationIsVisible = 0;
			defaultConfigurationName = Release;
		};
/* End XCConfigurationList section */
	};
	rootObject = 62256F1D2C3698B5057861F9 /* Project object */;
}
